// !$*UTF8*$!
{
	archiveVersion = 1;
	classes = {
	};
	objectVersion = 46;
	objects = {

/* Begin PBXBuildFile section */
		11B24A5817F2C31A00409898 /* folder.cpp in Sources */ = {isa = PBXBuildFile; fileRef = 11B24A5717F2C31A00409898 /* folder.cpp */; };
		11B24A5B17F2C32D00409898 /* filesystem.cpp in Sources */ = {isa = PBXBuildFile; fileRef = 11B24A5A17F2C32D00409898 /* filesystem.cpp */; };
		11B3BF7A17E9A0E000262C51 /* main.cpp in Sources */ = {isa = PBXBuildFile; fileRef = 11B3BF7917E9A0E000262C51 /* main.cpp */; };
		11B3BF7C17E9A0E000262C51 /* dos.1 in CopyFiles */ = {isa = PBXBuildFile; fileRef = 11B3BF7B17E9A0E000262C51 /* dos.1 */; };
/* End PBXBuildFile section */

/* Begin PBXCopyFilesBuildPhase section */
		11B3BF7317E9A0E000262C51 /* CopyFiles */ = {
			isa = PBXCopyFilesBuildPhase;
			buildActionMask = 2147483647;
			dstPath = /usr/share/man/man1/;
			dstSubfolderSpec = 0;
			files = (
				11B3BF7C17E9A0E000262C51 /* dos.1 in CopyFiles */,
			);
			runOnlyForDeploymentPostprocessing = 1;
		};
/* End PBXCopyFilesBuildPhase section */

/* Begin PBXFileReference section */
		11B24A5717F2C31A00409898 /* folder.cpp */ = {isa = PBXFileReference; fileEncoding = 4; lastKnownFileType = sourcecode.cpp.cpp; path = folder.cpp; sourceTree = "<group>"; };
		11B24A5A17F2C32D00409898 /* filesystem.cpp */ = {isa = PBXFileReference; fileEncoding = 4; lastKnownFileType = sourcecode.cpp.cpp; path = filesystem.cpp; sourceTree = "<group>"; };
		11B3BF7517E9A0E000262C51 /* dos */ = {isa = PBXFileReference; explicitFileType = "compiled.mach-o.executable"; includeInIndex = 0; path = dos; sourceTree = BUILT_PRODUCTS_DIR; };
		11B3BF7917E9A0E000262C51 /* main.cpp */ = {isa = PBXFileReference; lastKnownFileType = sourcecode.cpp.cpp; path = main.cpp; sourceTree = "<group>"; };
		11B3BF7B17E9A0E000262C51 /* dos.1 */ = {isa = PBXFileReference; lastKnownFileType = text.man; path = dos.1; sourceTree = "<group>"; };
		11FC5FB317F2BCB7005E1E7D /* filesystem.h */ = {isa = PBXFileReference; lastKnownFileType = sourcecode.c.h; path = filesystem.h; sourceTree = "<group>"; };
		11FC5FB517F2BCC3005E1E7D /* folder.h */ = {isa = PBXFileReference; lastKnownFileType = sourcecode.c.h; path = folder.h; sourceTree = "<group>"; };
		11FC5FB617F2BCD5005E1E7D /* file.h */ = {isa = PBXFileReference; lastKnownFileType = sourcecode.c.h; path = file.h; sourceTree = "<group>"; };
/* End PBXFileReference section */

/* Begin PBXFrameworksBuildPhase section */
		11B3BF7217E9A0E000262C51 /* Frameworks */ = {
			isa = PBXFrameworksBuildPhase;
			buildActionMask = 2147483647;
			files = (
			);
			runOnlyForDeploymentPostprocessing = 0;
		};
/* End PBXFrameworksBuildPhase section */

/* Begin PBXGroup section */
		11B3BF6A17E9A0E000262C51 = {
			isa = PBXGroup;
			children = (
				11B3BF7817E9A0E000262C51 /* dos */,
				11B3BF7617E9A0E000262C51 /* Products */,
			);
			sourceTree = "<group>";
		};
		11B3BF7617E9A0E000262C51 /* Products */ = {
			isa = PBXGroup;
			children = (
				11B3BF7517E9A0E000262C51 /* dos */,
			);
			name = Products;
			sourceTree = "<group>";
		};
		11B3BF7817E9A0E000262C51 /* dos */ = {
			isa = PBXGroup;
			children = (
				11B3BF7917E9A0E000262C51 /* main.cpp */,
				11B3BF7B17E9A0E000262C51 /* dos.1 */,
				11FC5FB317F2BCB7005E1E7D /* filesystem.h */,
				11FC5FB517F2BCC3005E1E7D /* folder.h */,
				11FC5FB617F2BCD5005E1E7D /* file.h */,
				11B24A5717F2C31A00409898 /* folder.cpp */,
				11B24A5A17F2C32D00409898 /* filesystem.cpp */,
			);
			path = dos;
			sourceTree = "<group>";
		};
/* End PBXGroup section */

/* Begin PBXNativeTarget section */
		11B3BF7417E9A0E000262C51 /* dos */ = {
			isa = PBXNativeTarget;
			buildConfigurationList = 11B3BF7F17E9A0E000262C51 /* Build configuration list for PBXNativeTarget "dos" */;
			buildPhases = (
				11B3BF7117E9A0E000262C51 /* Sources */,
				11B3BF7217E9A0E000262C51 /* Frameworks */,
				11B3BF7317E9A0E000262C51 /* CopyFiles */,
			);
			buildRules = (
			);
			dependencies = (
			);
			name = dos;
			productName = dos;
			productReference = 11B3BF7517E9A0E000262C51 /* dos */;
			productType = "com.apple.product-type.tool";
		};
/* End PBXNativeTarget section */

/* Begin PBXProject section */
		11B3BF6C17E9A0E000262C51 /* Project object */ = {
			isa = PBXProject;
			attributes = {
				LastUpgradeCheck = 0440;
				ORGANIZATIONNAME = ab;
			};
			buildConfigurationList = 11B3BF6F17E9A0E000262C51 /* Build configuration list for PBXProject "dos" */;
			compatibilityVersion = "Xcode 3.2";
			developmentRegion = English;
			hasScannedForEncodings = 0;
			knownRegions = (
				en,
			);
			mainGroup = 11B3BF6A17E9A0E000262C51;
			productRefGroup = 11B3BF7617E9A0E000262C51 /* Products */;
			projectDirPath = "";
			projectRoot = "";
			targets = (
				11B3BF7417E9A0E000262C51 /* dos */,
			);
		};
/* End PBXProject section */

/* Begin PBXSourcesBuildPhase section */
		11B3BF7117E9A0E000262C51 /* Sources */ = {
			isa = PBXSourcesBuildPhase;
			buildActionMask = 2147483647;
			files = (
				11B3BF7A17E9A0E000262C51 /* main.cpp in Sources */,
				11B24A5817F2C31A00409898 /* folder.cpp in Sources */,
				11B24A5B17F2C32D00409898 /* filesystem.cpp in Sources */,
			);
			runOnlyForDeploymentPostprocessing = 0;
		};
/* End PBXSourcesBuildPhase section */

/* Begin XCBuildConfiguration section */
		11B3BF7D17E9A0E000262C51 /* Debug */ = {
			isa = XCBuildConfiguration;
			buildSettings = {
				ALWAYS_SEARCH_USER_PATHS = NO;
				ARCHS = "$(ARCHS_STANDARD_64_BIT)";
				CLANG_CXX_LANGUAGE_STANDARD = "gnu++0x";
				CLANG_ENABLE_OBJC_ARC = YES;
				CLANG_WARN__DUPLICATE_METHOD_MATCH = YES;
				COPY_PHASE_STRIP = NO;
				GCC_C_LANGUAGE_STANDARD = gnu99;
				GCC_DYNAMIC_NO_PIC = NO;
				GCC_ENABLE_OBJC_EXCEPTIONS = YES;
				GCC_OPTIMIZATION_LEVEL = 0;
				GCC_PREPROCESSOR_DEFINITIONS = (
					"DEBUG=1",
					"$(inherited)",
				);
				GCC_SYMBOLS_PRIVATE_EXTERN = NO;
				GCC_WARN_64_TO_32_BIT_CONVERSION = YES;
				GCC_WARN_ABOUT_RETURN_TYPE = YES;
				GCC_WARN_UNINITIALIZED_AUTOS = YES;
				GCC_WARN_UNUSED_VARIABLE = YES;
				MACOSX_DEPLOYMENT_TARGET = 10.8;
				ONLY_ACTIVE_ARCH = YES;
				SDKROOT = macosx;
			};
			name = Debug;
		};
		11B3BF7E17E9A0E000262C51 /* Release */ = {
			isa = XCBuildConfiguration;
			buildSettings = {
				ALWAYS_SEARCH_USER_PATHS = NO;
				ARCHS = "$(ARCHS_STANDARD_64_BIT)";
				CLANG_CXX_LANGUAGE_STANDARD = "gnu++0x";
				CLANG_ENABLE_OBJC_ARC = YES;
				CLANG_WARN__DUPLICATE_METHOD_MATCH = YES;
				COPY_PHASE_STRIP = YES;
				DEBUG_INFORMATION_FORMAT = "dwarf-with-dsym";
				GCC_C_LANGUAGE_STANDARD = gnu99;
				GCC_ENABLE_OBJC_EXCEPTIONS = YES;
				GCC_WARN_64_TO_32_BIT_CONVERSION = YES;
				GCC_WARN_ABOUT_RETURN_TYPE = YES;
				GCC_WARN_UNINITIALIZED_AUTOS = YES;
				GCC_WARN_UNUSED_VARIABLE = YES;
				MACOSX_DEPLOYMENT_TARGET = 10.8;
				SDKROOT = macosx;
			};
			name = Release;
		};
		11B3BF8017E9A0E000262C51 /* Debug */ = {
			isa = XCBuildConfiguration;
			buildSettings = {
				DEBUG_INFORMATION_FORMAT = "dwarf-with-dsym";
				PRODUCT_NAME = "$(TARGET_NAME)";
			};
			name = Debug;
		};
		11B3BF8117E9A0E000262C51 /* Release */ = {
			isa = XCBuildConfiguration;
			buildSettings = {
				DEBUG_INFORMATION_FORMAT = "dwarf-with-dsym";
				PRODUCT_NAME = "$(TARGET_NAME)";
			};
			name = Release;
		};
/* End XCBuildConfiguration section */

/* Begin XCConfigurationList section */
		11B3BF6F17E9A0E000262C51 /* Build configuration list for PBXProject "dos" */ = {
			isa = XCConfigurationList;
			buildConfigurations = (
				11B3BF7D17E9A0E000262C51 /* Debug */,
				11B3BF7E17E9A0E000262C51 /* Release */,
			);
			defaultConfigurationIsVisible = 0;
			defaultConfigurationName = Release;
		};
		11B3BF7F17E9A0E000262C51 /* Build configuration list for PBXNativeTarget "dos" */ = {
			isa = XCConfigurationList;
			buildConfigurations = (
				11B3BF8017E9A0E000262C51 /* Debug */,
				11B3BF8117E9A0E000262C51 /* Release */,
			);
			defaultConfigurationIsVisible = 0;
			defaultConfigurationName = Release;
		};
/* End XCConfigurationList section */
	};
	rootObject = 11B3BF6C17E9A0E000262C51 /* Project object */;
}
